// !$*UTF8*$!
{
	archiveVersion = 1;
	classes = {
	};
	objectVersion = 56;
	objects = {

/* Begin PBXBuildFile section */
		10D309D029F6B5DD00828A8D /* PokemonApiCallApp.swift in Sources */ = {isa = PBXBuildFile; fileRef = 10D309CF29F6B5DD00828A8D /* PokemonApiCallApp.swift */; };
		10D309D229F6B5DD00828A8D /* ContentView.swift in Sources */ = {isa = PBXBuildFile; fileRef = 10D309D129F6B5DD00828A8D /* ContentView.swift */; };
		10D309D429F6B5E000828A8D /* Assets.xcassets in Resources */ = {isa = PBXBuildFile; fileRef = 10D309D329F6B5E000828A8D /* Assets.xcassets */; };
		10D309D729F6B5E000828A8D /* Preview Assets.xcassets in Resources */ = {isa = PBXBuildFile; fileRef = 10D309D629F6B5E000828A8D /* Preview Assets.xcassets */; };
		10D309E129F6B5E000828A8D /* PokemonApiCallTests.swift in Sources */ = {isa = PBXBuildFile; fileRef = 10D309E029F6B5E000828A8D /* PokemonApiCallTests.swift */; };
		10D309EB29F6B5E000828A8D /* PokemonApiCallUITests.swift in Sources */ = {isa = PBXBuildFile; fileRef = 10D309EA29F6B5E000828A8D /* PokemonApiCallUITests.swift */; };
		10D309ED29F6B5E100828A8D /* PokemonApiCallUITestsLaunchTests.swift in Sources */ = {isa = PBXBuildFile; fileRef = 10D309EC29F6B5E100828A8D /* PokemonApiCallUITestsLaunchTests.swift */; };
		10D309FD29F6B8D400828A8D /* PokemonData.swift in Sources */ = {isa = PBXBuildFile; fileRef = 10D309FC29F6B8D400828A8D /* PokemonData.swift */; };
		10D309FF29F7CC1A00828A8D /* ListView.swift in Sources */ = {isa = PBXBuildFile; fileRef = 10D309FE29F7CC1A00828A8D /* ListView.swift */; };
		10D30A0429F7D05A00828A8D /* PokemonViewModel.swift in Sources */ = {isa = PBXBuildFile; fileRef = 10D30A0329F7D05A00828A8D /* PokemonViewModel.swift */; };
		10D30A0629F7D37100828A8D /* DetailScreen.swift in Sources */ = {isa = PBXBuildFile; fileRef = 10D30A0529F7D37100828A8D /* DetailScreen.swift */; };
		10D30A0829F7D74F00828A8D /* ApiEndPoint.swift in Sources */ = {isa = PBXBuildFile; fileRef = 10D30A0729F7D74F00828A8D /* ApiEndPoint.swift */; };
		10D30A0B29F7D97800828A8D /* NetworkableProtocol.swift in Sources */ = {isa = PBXBuildFile; fileRef = 10D30A0A29F7D97800828A8D /* NetworkableProtocol.swift */; };
		10D30A0D29F7DA0B00828A8D /* NetworkManager.swift in Sources */ = {isa = PBXBuildFile; fileRef = 10D30A0C29F7DA0B00828A8D /* NetworkManager.swift */; };
		10D30A0F29F7EA4500828A8D /* CustomListCell.swift in Sources */ = {isa = PBXBuildFile; fileRef = 10D30A0E29F7EA4500828A8D /* CustomListCell.swift */; };
		10D30A8D29FA76C800828A8D /* OfflineStorage.xcdatamodeld in Sources */ = {isa = PBXBuildFile; fileRef = 10D30A8B29FA76C800828A8D /* OfflineStorage.xcdatamodeld */; };
		10D30A8F29FA8D1700828A8D /* KeyChainScreen.swift in Sources */ = {isa = PBXBuildFile; fileRef = 10D30A8E29FA8D1700828A8D /* KeyChainScreen.swift */; };
		10D30A9129FA8E7D00828A8D /* MyPropertyList.plist in Resources */ = {isa = PBXBuildFile; fileRef = 10D30A9029FA8E7D00828A8D /* MyPropertyList.plist */; };
/* End PBXBuildFile section */

/* Begin PBXContainerItemProxy section */
		10D309DD29F6B5E000828A8D /* PBXContainerItemProxy */ = {
			isa = PBXContainerItemProxy;
			containerPortal = 10D309C429F6B5DD00828A8D /* Project object */;
			proxyType = 1;
			remoteGlobalIDString = 10D309CB29F6B5DD00828A8D;
			remoteInfo = PokemonApiCall;
		};
		10D309E729F6B5E000828A8D /* PBXContainerItemProxy */ = {
			isa = PBXContainerItemProxy;
			containerPortal = 10D309C429F6B5DD00828A8D /* Project object */;
			proxyType = 1;
			remoteGlobalIDString = 10D309CB29F6B5DD00828A8D;
			remoteInfo = PokemonApiCall;
		};
/* End PBXContainerItemProxy section */

/* Begin PBXFileReference section */
		10D309CC29F6B5DD00828A8D /* PokemonApiCall.app */ = {isa = PBXFileReference; explicitFileType = wrapper.application; includeInIndex = 0; path = PokemonApiCall.app; sourceTree = BUILT_PRODUCTS_DIR; };
		10D309CF29F6B5DD00828A8D /* PokemonApiCallApp.swift */ = {isa = PBXFileReference; lastKnownFileType = sourcecode.swift; path = PokemonApiCallApp.swift; sourceTree = "<group>"; };
		10D309D129F6B5DD00828A8D /* ContentView.swift */ = {isa = PBXFileReference; lastKnownFileType = sourcecode.swift; path = ContentView.swift; sourceTree = "<group>"; };
		10D309D329F6B5E000828A8D /* Assets.xcassets */ = {isa = PBXFileReference; lastKnownFileType = folder.assetcatalog; path = Assets.xcassets; sourceTree = "<group>"; };
		10D309D629F6B5E000828A8D /* Preview Assets.xcassets */ = {isa = PBXFileReference; lastKnownFileType = folder.assetcatalog; path = "Preview Assets.xcassets"; sourceTree = "<group>"; };
		10D309DC29F6B5E000828A8D /* PokemonApiCallTests.xctest */ = {isa = PBXFileReference; explicitFileType = wrapper.cfbundle; includeInIndex = 0; path = PokemonApiCallTests.xctest; sourceTree = BUILT_PRODUCTS_DIR; };
		10D309E029F6B5E000828A8D /* PokemonApiCallTests.swift */ = {isa = PBXFileReference; lastKnownFileType = sourcecode.swift; path = PokemonApiCallTests.swift; sourceTree = "<group>"; };
		10D309E629F6B5E000828A8D /* PokemonApiCallUITests.xctest */ = {isa = PBXFileReference; explicitFileType = wrapper.cfbundle; includeInIndex = 0; path = PokemonApiCallUITests.xctest; sourceTree = BUILT_PRODUCTS_DIR; };
		10D309EA29F6B5E000828A8D /* PokemonApiCallUITests.swift */ = {isa = PBXFileReference; lastKnownFileType = sourcecode.swift; path = PokemonApiCallUITests.swift; sourceTree = "<group>"; };
		10D309EC29F6B5E100828A8D /* PokemonApiCallUITestsLaunchTests.swift */ = {isa = PBXFileReference; lastKnownFileType = sourcecode.swift; path = PokemonApiCallUITestsLaunchTests.swift; sourceTree = "<group>"; };
		10D309FC29F6B8D400828A8D /* PokemonData.swift */ = {isa = PBXFileReference; lastKnownFileType = sourcecode.swift; path = PokemonData.swift; sourceTree = "<group>"; };
		10D309FE29F7CC1A00828A8D /* ListView.swift */ = {isa = PBXFileReference; lastKnownFileType = sourcecode.swift; path = ListView.swift; sourceTree = "<group>"; };
		10D30A0329F7D05A00828A8D /* PokemonViewModel.swift */ = {isa = PBXFileReference; lastKnownFileType = sourcecode.swift; path = PokemonViewModel.swift; sourceTree = "<group>"; };
		10D30A0529F7D37100828A8D /* DetailScreen.swift */ = {isa = PBXFileReference; lastKnownFileType = sourcecode.swift; path = DetailScreen.swift; sourceTree = "<group>"; };
		10D30A0729F7D74F00828A8D /* ApiEndPoint.swift */ = {isa = PBXFileReference; lastKnownFileType = sourcecode.swift; path = ApiEndPoint.swift; sourceTree = "<group>"; };
		10D30A0A29F7D97800828A8D /* NetworkableProtocol.swift */ = {isa = PBXFileReference; lastKnownFileType = sourcecode.swift; path = NetworkableProtocol.swift; sourceTree = "<group>"; };
		10D30A0C29F7DA0B00828A8D /* NetworkManager.swift */ = {isa = PBXFileReference; lastKnownFileType = sourcecode.swift; path = NetworkManager.swift; sourceTree = "<group>"; };
		10D30A0E29F7EA4500828A8D /* CustomListCell.swift */ = {isa = PBXFileReference; lastKnownFileType = sourcecode.swift; path = CustomListCell.swift; sourceTree = "<group>"; };
		10D30A8C29FA76C800828A8D /* OfflineStorage.xcdatamodel */ = {isa = PBXFileReference; lastKnownFileType = wrapper.xcdatamodel; path = OfflineStorage.xcdatamodel; sourceTree = "<group>"; };
		10D30A8E29FA8D1700828A8D /* KeyChainScreen.swift */ = {isa = PBXFileReference; lastKnownFileType = sourcecode.swift; path = KeyChainScreen.swift; sourceTree = "<group>"; };
		10D30A9029FA8E7D00828A8D /* MyPropertyList.plist */ = {isa = PBXFileReference; lastKnownFileType = text.plist.xml; path = MyPropertyList.plist; sourceTree = "<group>"; };
/* End PBXFileReference section */

/* Begin PBXFrameworksBuildPhase section */
		10D309C929F6B5DD00828A8D /* Frameworks */ = {
			isa = PBXFrameworksBuildPhase;
			buildActionMask = 2147483647;
			files = (
			);
			runOnlyForDeploymentPostprocessing = 0;
		};
		10D309D929F6B5E000828A8D /* Frameworks */ = {
			isa = PBXFrameworksBuildPhase;
			buildActionMask = 2147483647;
			files = (
			);
			runOnlyForDeploymentPostprocessing = 0;
		};
		10D309E329F6B5E000828A8D /* Frameworks */ = {
			isa = PBXFrameworksBuildPhase;
			buildActionMask = 2147483647;
			files = (
			);
			runOnlyForDeploymentPostprocessing = 0;
		};
/* End PBXFrameworksBuildPhase section */

/* Begin PBXGroup section */
		10D309C329F6B5DD00828A8D = {
			isa = PBXGroup;
			children = (
				10D309CE29F6B5DD00828A8D /* PokemonApiCall */,
				10D309DF29F6B5E000828A8D /* PokemonApiCallTests */,
				10D309E929F6B5E000828A8D /* PokemonApiCallUITests */,
				10D309CD29F6B5DD00828A8D /* Products */,
			);
			sourceTree = "<group>";
		};
		10D309CD29F6B5DD00828A8D /* Products */ = {
			isa = PBXGroup;
			children = (
				10D309CC29F6B5DD00828A8D /* PokemonApiCall.app */,
				10D309DC29F6B5E000828A8D /* PokemonApiCallTests.xctest */,
				10D309E629F6B5E000828A8D /* PokemonApiCallUITests.xctest */,
			);
			name = Products;
			sourceTree = "<group>";
		};
		10D309CE29F6B5DD00828A8D /* PokemonApiCall */ = {
			isa = PBXGroup;
			children = (
				10D30B4129FEE72E00828A8D /* View */,
				10D30A0929F7D93E00828A8D /* Network */,
				10D30A0229F7CED400828A8D /* ViewModels */,
				10D309FB29F6B69B00828A8D /* Model */,
				10D309CF29F6B5DD00828A8D /* PokemonApiCallApp.swift */,
				10D309D129F6B5DD00828A8D /* ContentView.swift */,
				10D30A8E29FA8D1700828A8D /* KeyChainScreen.swift */,
				10D30A9029FA8E7D00828A8D /* MyPropertyList.plist */,
				10D30A8B29FA76C800828A8D /* OfflineStorage.xcdatamodeld */,
				10D309D329F6B5E000828A8D /* Assets.xcassets */,
				10D309D529F6B5E000828A8D /* Preview Content */,
			);
			path = PokemonApiCall;
			sourceTree = "<group>";
		};
		10D309D529F6B5E000828A8D /* Preview Content */ = {
			isa = PBXGroup;
			children = (
				10D309D629F6B5E000828A8D /* Preview Assets.xcassets */,
			);
			path = "Preview Content";
			sourceTree = "<group>";
		};
		10D309DF29F6B5E000828A8D /* PokemonApiCallTests */ = {
			isa = PBXGroup;
			children = (
				10D309E029F6B5E000828A8D /* PokemonApiCallTests.swift */,
			);
			path = PokemonApiCallTests;
			sourceTree = "<group>";
		};
		10D309E929F6B5E000828A8D /* PokemonApiCallUITests */ = {
			isa = PBXGroup;
			children = (
				10D309EA29F6B5E000828A8D /* PokemonApiCallUITests.swift */,
				10D309EC29F6B5E100828A8D /* PokemonApiCallUITestsLaunchTests.swift */,
			);
			path = PokemonApiCallUITests;
			sourceTree = "<group>";
		};
		10D309FB29F6B69B00828A8D /* Model */ = {
			isa = PBXGroup;
			children = (
				10D309FC29F6B8D400828A8D /* PokemonData.swift */,
				10D30A0729F7D74F00828A8D /* ApiEndPoint.swift */,
			);
			path = Model;
			sourceTree = "<group>";
		};
		10D30A0229F7CED400828A8D /* ViewModels */ = {
			isa = PBXGroup;
			children = (
				10D30A0329F7D05A00828A8D /* PokemonViewModel.swift */,
			);
			path = ViewModels;
			sourceTree = "<group>";
		};
		10D30A0929F7D93E00828A8D /* Network */ = {
			isa = PBXGroup;
			children = (
				10D30A0A29F7D97800828A8D /* NetworkableProtocol.swift */,
				10D30A0C29F7DA0B00828A8D /* NetworkManager.swift */,
			);
			path = Network;
			sourceTree = "<group>";
		};
		10D30B4129FEE72E00828A8D /* View */ = {
			isa = PBXGroup;
			children = (
				10D30A0529F7D37100828A8D /* DetailScreen.swift */,
				10D309FE29F7CC1A00828A8D /* ListView.swift */,
				10D30A0E29F7EA4500828A8D /* CustomListCell.swift */,
			);
			path = View;
			sourceTree = "<group>";
		};
/* End PBXGroup section */

/* Begin PBXNativeTarget section */
		10D309CB29F6B5DD00828A8D /* PokemonApiCall */ = {
			isa = PBXNativeTarget;
			buildConfigurationList = 10D309F029F6B5E100828A8D /* Build configuration list for PBXNativeTarget "PokemonApiCall" */;
			buildPhases = (
				10D309C829F6B5DD00828A8D /* Sources */,
				10D309C929F6B5DD00828A8D /* Frameworks */,
				10D309CA29F6B5DD00828A8D /* Resources */,
			);
			buildRules = (
			);
			dependencies = (
			);
			name = PokemonApiCall;
			productName = PokemonApiCall;
			productReference = 10D309CC29F6B5DD00828A8D /* PokemonApiCall.app */;
			productType = "com.apple.product-type.application";
		};
		10D309DB29F6B5E000828A8D /* PokemonApiCallTests */ = {
			isa = PBXNativeTarget;
			buildConfigurationList = 10D309F329F6B5E100828A8D /* Build configuration list for PBXNativeTarget "PokemonApiCallTests" */;
			buildPhases = (
				10D309D829F6B5E000828A8D /* Sources */,
				10D309D929F6B5E000828A8D /* Frameworks */,
				10D309DA29F6B5E000828A8D /* Resources */,
			);
			buildRules = (
			);
			dependencies = (
				10D309DE29F6B5E000828A8D /* PBXTargetDependency */,
			);
			name = PokemonApiCallTests;
			productName = PokemonApiCallTests;
			productReference = 10D309DC29F6B5E000828A8D /* PokemonApiCallTests.xctest */;
			productType = "com.apple.product-type.bundle.unit-test";
		};
		10D309E529F6B5E000828A8D /* PokemonApiCallUITests */ = {
			isa = PBXNativeTarget;
			buildConfigurationList = 10D309F629F6B5E100828A8D /* Build configuration list for PBXNativeTarget "PokemonApiCallUITests" */;
			buildPhases = (
				10D309E229F6B5E000828A8D /* Sources */,
				10D309E329F6B5E000828A8D /* Frameworks */,
				10D309E429F6B5E000828A8D /* Resources */,
			);
			buildRules = (
			);
			dependencies = (
				10D309E829F6B5E000828A8D /* PBXTargetDependency */,
			);
			name = PokemonApiCallUITests;
			productName = PokemonApiCallUITests;
			productReference = 10D309E629F6B5E000828A8D /* PokemonApiCallUITests.xctest */;
			productType = "com.apple.product-type.bundle.ui-testing";
		};
/* End PBXNativeTarget section */

/* Begin PBXProject section */
		10D309C429F6B5DD00828A8D /* Project object */ = {
			isa = PBXProject;
			attributes = {
				BuildIndependentTargetsInParallel = 1;
				LastSwiftUpdateCheck = 1420;
				LastUpgradeCheck = 1420;
				TargetAttributes = {
					10D309CB29F6B5DD00828A8D = {
						CreatedOnToolsVersion = 14.2;
					};
					10D309DB29F6B5E000828A8D = {
						CreatedOnToolsVersion = 14.2;
						TestTargetID = 10D309CB29F6B5DD00828A8D;
					};
					10D309E529F6B5E000828A8D = {
						CreatedOnToolsVersion = 14.2;
						TestTargetID = 10D309CB29F6B5DD00828A8D;
					};
				};
			};
			buildConfigurationList = 10D309C729F6B5DD00828A8D /* Build configuration list for PBXProject "PokemonApiCall" */;
			compatibilityVersion = "Xcode 14.0";
			developmentRegion = en;
			hasScannedForEncodings = 0;
			knownRegions = (
				en,
				Base,
			);
			mainGroup = 10D309C329F6B5DD00828A8D;
			productRefGroup = 10D309CD29F6B5DD00828A8D /* Products */;
			projectDirPath = "";
			projectRoot = "";
			targets = (
				10D309CB29F6B5DD00828A8D /* PokemonApiCall */,
				10D309DB29F6B5E000828A8D /* PokemonApiCallTests */,
				10D309E529F6B5E000828A8D /* PokemonApiCallUITests */,
			);
		};
/* End PBXProject section */

/* Begin PBXResourcesBuildPhase section */
		10D309CA29F6B5DD00828A8D /* Resources */ = {
			isa = PBXResourcesBuildPhase;
			buildActionMask = 2147483647;
			files = (
				10D309D729F6B5E000828A8D /* Preview Assets.xcassets in Resources */,
				10D30A9129FA8E7D00828A8D /* MyPropertyList.plist in Resources */,
				10D309D429F6B5E000828A8D /* Assets.xcassets in Resources */,
			);
			runOnlyForDeploymentPostprocessing = 0;
		};
		10D309DA29F6B5E000828A8D /* Resources */ = {
			isa = PBXResourcesBuildPhase;
			buildActionMask = 2147483647;
			files = (
			);
			runOnlyForDeploymentPostprocessing = 0;
		};
		10D309E429F6B5E000828A8D /* Resources */ = {
			isa = PBXResourcesBuildPhase;
			buildActionMask = 2147483647;
			files = (
			);
			runOnlyForDeploymentPostprocessing = 0;
		};
/* End PBXResourcesBuildPhase section */

/* Begin PBXSourcesBuildPhase section */
		10D309C829F6B5DD00828A8D /* Sources */ = {
			isa = PBXSourcesBuildPhase;
			buildActionMask = 2147483647;
			files = (
				10D30A0D29F7DA0B00828A8D /* NetworkManager.swift in Sources */,
				10D30A0829F7D74F00828A8D /* ApiEndPoint.swift in Sources */,
				10D309FF29F7CC1A00828A8D /* ListView.swift in Sources */,
				10D30A8F29FA8D1700828A8D /* KeyChainScreen.swift in Sources */,
				10D30A0429F7D05A00828A8D /* PokemonViewModel.swift in Sources */,
				10D30A0629F7D37100828A8D /* DetailScreen.swift in Sources */,
				10D30A0B29F7D97800828A8D /* NetworkableProtocol.swift in Sources */,
				10D30A8D29FA76C800828A8D /* OfflineStorage.xcdatamodeld in Sources */,
				10D30A0F29F7EA4500828A8D /* CustomListCell.swift in Sources */,
				10D309D229F6B5DD00828A8D /* ContentView.swift in Sources */,
				10D309FD29F6B8D400828A8D /* PokemonData.swift in Sources */,
				10D309D029F6B5DD00828A8D /* PokemonApiCallApp.swift in Sources */,
			);
			runOnlyForDeploymentPostprocessing = 0;
		};
		10D309D829F6B5E000828A8D /* Sources */ = {
			isa = PBXSourcesBuildPhase;
			buildActionMask = 2147483647;
			files = (
				10D309E129F6B5E000828A8D /* PokemonApiCallTests.swift in Sources */,
			);
			runOnlyForDeploymentPostprocessing = 0;
		};
		10D309E229F6B5E000828A8D /* Sources */ = {
			isa = PBXSourcesBuildPhase;
			buildActionMask = 2147483647;
			files = (
				10D309EB29F6B5E000828A8D /* PokemonApiCallUITests.swift in Sources */,
				10D309ED29F6B5E100828A8D /* PokemonApiCallUITestsLaunchTests.swift in Sources */,
			);
			runOnlyForDeploymentPostprocessing = 0;
		};
/* End PBXSourcesBuildPhase section */

/* Begin PBXTargetDependency section */
		10D309DE29F6B5E000828A8D /* PBXTargetDependency */ = {
			isa = PBXTargetDependency;
			target = 10D309CB29F6B5DD00828A8D /* PokemonApiCall */;
			targetProxy = 10D309DD29F6B5E000828A8D /* PBXContainerItemProxy */;
		};
		10D309E829F6B5E000828A8D /* PBXTargetDependency */ = {
			isa = PBXTargetDependency;
			target = 10D309CB29F6B5DD00828A8D /* PokemonApiCall */;
			targetProxy = 10D309E729F6B5E000828A8D /* PBXContainerItemProxy */;
		};
/* End PBXTargetDependency section */

/* Begin XCBuildConfiguration section */
		10D309EE29F6B5E100828A8D /* Debug */ = {
			isa = XCBuildConfiguration;
			buildSettings = {
				ALWAYS_SEARCH_USER_PATHS = NO;
				CLANG_ANALYZER_NONNULL = YES;
				CLANG_ANALYZER_NUMBER_OBJECT_CONVERSION = YES_AGGRESSIVE;
				CLANG_CXX_LANGUAGE_STANDARD = "gnu++20";
				CLANG_ENABLE_MODULES = YES;
				CLANG_ENABLE_OBJC_ARC = YES;
				CLANG_ENABLE_OBJC_WEAK = YES;
				CLANG_WARN_BLOCK_CAPTURE_AUTORELEASING = YES;
				CLANG_WARN_BOOL_CONVERSION = YES;
				CLANG_WARN_COMMA = YES;
				CLANG_WARN_CONSTANT_CONVERSION = YES;
				CLANG_WARN_DEPRECATED_OBJC_IMPLEMENTATIONS = YES;
				CLANG_WARN_DIRECT_OBJC_ISA_USAGE = YES_ERROR;
				CLANG_WARN_DOCUMENTATION_COMMENTS = YES;
				CLANG_WARN_EMPTY_BODY = YES;
				CLANG_WARN_ENUM_CONVERSION = YES;
				CLANG_WARN_INFINITE_RECURSION = YES;
				CLANG_WARN_INT_CONVERSION = YES;
				CLANG_WARN_NON_LITERAL_NULL_CONVERSION = YES;
				CLANG_WARN_OBJC_IMPLICIT_RETAIN_SELF = YES;
				CLANG_WARN_OBJC_LITERAL_CONVERSION = YES;
				CLANG_WARN_OBJC_ROOT_CLASS = YES_ERROR;
				CLANG_WARN_QUOTED_INCLUDE_IN_FRAMEWORK_HEADER = YES;
				CLANG_WARN_RANGE_LOOP_ANALYSIS = YES;
				CLANG_WARN_STRICT_PROTOTYPES = YES;
				CLANG_WARN_SUSPICIOUS_MOVE = YES;
				CLANG_WARN_UNGUARDED_AVAILABILITY = YES_AGGRESSIVE;
				CLANG_WARN_UNREACHABLE_CODE = YES;
				CLANG_WARN__DUPLICATE_METHOD_MATCH = YES;
				COPY_PHASE_STRIP = NO;
				DEBUG_INFORMATION_FORMAT = dwarf;
				ENABLE_STRICT_OBJC_MSGSEND = YES;
				ENABLE_TESTABILITY = YES;
				GCC_C_LANGUAGE_STANDARD = gnu11;
				GCC_DYNAMIC_NO_PIC = NO;
				GCC_NO_COMMON_BLOCKS = YES;
				GCC_OPTIMIZATION_LEVEL = 0;
				GCC_PREPROCESSOR_DEFINITIONS = (
					"DEBUG=1",
					"$(inherited)",
				);
				GCC_WARN_64_TO_32_BIT_CONVERSION = YES;
				GCC_WARN_ABOUT_RETURN_TYPE = YES_ERROR;
				GCC_WARN_UNDECLARED_SELECTOR = YES;
				GCC_WARN_UNINITIALIZED_AUTOS = YES_AGGRESSIVE;
				GCC_WARN_UNUSED_FUNCTION = YES;
				GCC_WARN_UNUSED_VARIABLE = YES;
				IPHONEOS_DEPLOYMENT_TARGET = 16.2;
				MTL_ENABLE_DEBUG_INFO = INCLUDE_SOURCE;
				MTL_FAST_MATH = YES;
				ONLY_ACTIVE_ARCH = YES;
				SDKROOT = iphoneos;
				SWIFT_ACTIVE_COMPILATION_CONDITIONS = DEBUG;
				SWIFT_OPTIMIZATION_LEVEL = "-Onone";
			};
			name = Debug;
		};
		10D309EF29F6B5E100828A8D /* Release */ = {
			isa = XCBuildConfiguration;
			buildSettings = {
				ALWAYS_SEARCH_USER_PATHS = NO;
				CLANG_ANALYZER_NONNULL = YES;
				CLANG_ANALYZER_NUMBER_OBJECT_CONVERSION = YES_AGGRESSIVE;
				CLANG_CXX_LANGUAGE_STANDARD = "gnu++20";
				CLANG_ENABLE_MODULES = YES;
				CLANG_ENABLE_OBJC_ARC = YES;
				CLANG_ENABLE_OBJC_WEAK = YES;
				CLANG_WARN_BLOCK_CAPTURE_AUTORELEASING = YES;
				CLANG_WARN_BOOL_CONVERSION = YES;
				CLANG_WARN_COMMA = YES;
				CLANG_WARN_CONSTANT_CONVERSION = YES;
				CLANG_WARN_DEPRECATED_OBJC_IMPLEMENTATIONS = YES;
				CLANG_WARN_DIRECT_OBJC_ISA_USAGE = YES_ERROR;
				CLANG_WARN_DOCUMENTATION_COMMENTS = YES;
				CLANG_WARN_EMPTY_BODY = YES;
				CLANG_WARN_ENUM_CONVERSION = YES;
				CLANG_WARN_INFINITE_RECURSION = YES;
				CLANG_WARN_INT_CONVERSION = YES;
				CLANG_WARN_NON_LITERAL_NULL_CONVERSION = YES;
				CLANG_WARN_OBJC_IMPLICIT_RETAIN_SELF = YES;
				CLANG_WARN_OBJC_LITERAL_CONVERSION = YES;
				CLANG_WARN_OBJC_ROOT_CLASS = YES_ERROR;
				CLANG_WARN_QUOTED_INCLUDE_IN_FRAMEWORK_HEADER = YES;
				CLANG_WARN_RANGE_LOOP_ANALYSIS = YES;
				CLANG_WARN_STRICT_PROTOTYPES = YES;
				CLANG_WARN_SUSPICIOUS_MOVE = YES;
				CLANG_WARN_UNGUARDED_AVAILABILITY = YES_AGGRESSIVE;
				CLANG_WARN_UNREACHABLE_CODE = YES;
				CLANG_WARN__DUPLICATE_METHOD_MATCH = YES;
				COPY_PHASE_STRIP = NO;
				DEBUG_INFORMATION_FORMAT = "dwarf-with-dsym";
				ENABLE_NS_ASSERTIONS = NO;
				ENABLE_STRICT_OBJC_MSGSEND = YES;
				GCC_C_LANGUAGE_STANDARD = gnu11;
				GCC_NO_COMMON_BLOCKS = YES;
				GCC_WARN_64_TO_32_BIT_CONVERSION = YES;
				GCC_WARN_ABOUT_RETURN_TYPE = YES_ERROR;
				GCC_WARN_UNDECLARED_SELECTOR = YES;
				GCC_WARN_UNINITIALIZED_AUTOS = YES_AGGRESSIVE;
				GCC_WARN_UNUSED_FUNCTION = YES;
				GCC_WARN_UNUSED_VARIABLE = YES;
				IPHONEOS_DEPLOYMENT_TARGET = 16.2;
				MTL_ENABLE_DEBUG_INFO = NO;
				MTL_FAST_MATH = YES;
				SDKROOT = iphoneos;
				SWIFT_COMPILATION_MODE = wholemodule;
				SWIFT_OPTIMIZATION_LEVEL = "-O";
				VALIDATE_PRODUCT = YES;
			};
			name = Release;
		};
		10D309F129F6B5E100828A8D /* Debug */ = {
			isa = XCBuildConfiguration;
			buildSettings = {
				ASSETCATALOG_COMPILER_APPICON_NAME = AppIcon;
				ASSETCATALOG_COMPILER_GLOBAL_ACCENT_COLOR_NAME = AccentColor;
				CODE_SIGN_STYLE = Automatic;
				CURRENT_PROJECT_VERSION = 1;
				DEVELOPMENT_ASSET_PATHS = "\"PokemonApiCall/Preview Content\"";
				ENABLE_PREVIEWS = YES;
				GENERATE_INFOPLIST_FILE = YES;
				INFOPLIST_KEY_UIApplicationSceneManifest_Generation = YES;
				INFOPLIST_KEY_UIApplicationSupportsIndirectInputEvents = YES;
				INFOPLIST_KEY_UILaunchScreen_Generation = YES;
				INFOPLIST_KEY_UISupportedInterfaceOrientations_iPad = "UIInterfaceOrientationPortrait UIInterfaceOrientationPortraitUpsideDown UIInterfaceOrientationLandscapeLeft UIInterfaceOrientationLandscapeRight";
				INFOPLIST_KEY_UISupportedInterfaceOrientations_iPhone = "UIInterfaceOrientationPortrait UIInterfaceOrientationLandscapeLeft UIInterfaceOrientationLandscapeRight";
				LD_RUNPATH_SEARCH_PATHS = (
					"$(inherited)",
					"@executable_path/Frameworks",
				);
				MARKETING_VERSION = 1.0;
				PRODUCT_BUNDLE_IDENTIFIER = com.itc.PokemonApiCall;
				PRODUCT_NAME = "$(TARGET_NAME)";
				SWIFT_EMIT_LOC_STRINGS = YES;
				SWIFT_VERSION = 5.0;
				TARGETED_DEVICE_FAMILY = "1,2";
			};
			name = Debug;
		};
		10D309F229F6B5E100828A8D /* Release */ = {
			isa = XCBuildConfiguration;
			buildSettings = {
				ASSETCATALOG_COMPILER_APPICON_NAME = AppIcon;
				ASSETCATALOG_COMPILER_GLOBAL_ACCENT_COLOR_NAME = AccentColor;
				CODE_SIGN_STYLE = Automatic;
				CURRENT_PROJECT_VERSION = 1;
				DEVELOPMENT_ASSET_PATHS = "\"PokemonApiCall/Preview Content\"";
				ENABLE_PREVIEWS = YES;
				GENERATE_INFOPLIST_FILE = YES;
				INFOPLIST_KEY_UIApplicationSceneManifest_Generation = YES;
				INFOPLIST_KEY_UIApplicationSupportsIndirectInputEvents = YES;
				INFOPLIST_KEY_UILaunchScreen_Generation = YES;
				INFOPLIST_KEY_UISupportedInterfaceOrientations_iPad = "UIInterfaceOrientationPortrait UIInterfaceOrientationPortraitUpsideDown UIInterfaceOrientationLandscapeLeft UIInterfaceOrientationLandscapeRight";
				INFOPLIST_KEY_UISupportedInterfaceOrientations_iPhone = "UIInterfaceOrientationPortrait UIInterfaceOrientationLandscapeLeft UIInterfaceOrientationLandscapeRight";
				LD_RUNPATH_SEARCH_PATHS = (
					"$(inherited)",
					"@executable_path/Frameworks",
				);
				MARKETING_VERSION = 1.0;
				PRODUCT_BUNDLE_IDENTIFIER = com.itc.PokemonApiCall;
				PRODUCT_NAME = "$(TARGET_NAME)";
				SWIFT_EMIT_LOC_STRINGS = YES;
				SWIFT_VERSION = 5.0;
				TARGETED_DEVICE_FAMILY = "1,2";
			};
			name = Release;
		};
		10D309F429F6B5E100828A8D /* Debug */ = {
			isa = XCBuildConfiguration;
			buildSettings = {
				ALWAYS_EMBED_SWIFT_STANDARD_LIBRARIES = YES;
				BUNDLE_LOADER = "$(TEST_HOST)";
				CODE_SIGN_STYLE = Automatic;
				CURRENT_PROJECT_VERSION = 1;
				GENERATE_INFOPLIST_FILE = YES;
				IPHONEOS_DEPLOYMENT_TARGET = 16.2;
				MARKETING_VERSION = 1.0;
				PRODUCT_BUNDLE_IDENTIFIER = com.itc.PokemonApiCallTests;
				PRODUCT_NAME = "$(TARGET_NAME)";
				SWIFT_EMIT_LOC_STRINGS = NO;
				SWIFT_VERSION = 5.0;
				TARGETED_DEVICE_FAMILY = "1,2";
				TEST_HOST = "$(BUILT_PRODUCTS_DIR)/PokemonApiCall.app/$(BUNDLE_EXECUTABLE_FOLDER_PATH)/PokemonApiCall";
			};
			name = Debug;
		};
		10D309F529F6B5E100828A8D /* Release */ = {
			isa = XCBuildConfiguration;
			buildSettings = {
				ALWAYS_EMBED_SWIFT_STANDARD_LIBRARIES = YES;
				BUNDLE_LOADER = "$(TEST_HOST)";
				CODE_SIGN_STYLE = Automatic;
				CURRENT_PROJECT_VERSION = 1;
				GENERATE_INFOPLIST_FILE = YES;
				IPHONEOS_DEPLOYMENT_TARGET = 16.2;
				MARKETING_VERSION = 1.0;
				PRODUCT_BUNDLE_IDENTIFIER = com.itc.PokemonApiCallTests;
				PRODUCT_NAME = "$(TARGET_NAME)";
				SWIFT_EMIT_LOC_STRINGS = NO;
				SWIFT_VERSION = 5.0;
				TARGETED_DEVICE_FAMILY = "1,2";
				TEST_HOST = "$(BUILT_PRODUCTS_DIR)/PokemonApiCall.app/$(BUNDLE_EXECUTABLE_FOLDER_PATH)/PokemonApiCall";
			};
			name = Release;
		};
		10D309F729F6B5E100828A8D /* Debug */ = {
			isa = XCBuildConfiguration;
			buildSettings = {
				ALWAYS_EMBED_SWIFT_STANDARD_LIBRARIES = YES;
				CODE_SIGN_STYLE = Automatic;
				CURRENT_PROJECT_VERSION = 1;
				GENERATE_INFOPLIST_FILE = YES;
				MARKETING_VERSION = 1.0;
				PRODUCT_BUNDLE_IDENTIFIER = com.itc.PokemonApiCallUITests;
				PRODUCT_NAME = "$(TARGET_NAME)";
				SWIFT_EMIT_LOC_STRINGS = NO;
				SWIFT_VERSION = 5.0;
				TARGETED_DEVICE_FAMILY = "1,2";
				TEST_TARGET_NAME = PokemonApiCall;
			};
			name = Debug;
		};
		10D309F829F6B5E100828A8D /* Release */ = {
			isa = XCBuildConfiguration;
			buildSettings = {
				ALWAYS_EMBED_SWIFT_STANDARD_LIBRARIES = YES;
				CODE_SIGN_STYLE = Automatic;
				CURRENT_PROJECT_VERSION = 1;
				GENERATE_INFOPLIST_FILE = YES;
				MARKETING_VERSION = 1.0;
				PRODUCT_BUNDLE_IDENTIFIER = com.itc.PokemonApiCallUITests;
				PRODUCT_NAME = "$(TARGET_NAME)";
				SWIFT_EMIT_LOC_STRINGS = NO;
				SWIFT_VERSION = 5.0;
				TARGETED_DEVICE_FAMILY = "1,2";
				TEST_TARGET_NAME = PokemonApiCall;
			};
			name = Release;
		};
/* End XCBuildConfiguration section */

/* Begin XCConfigurationList section */
		10D309C729F6B5DD00828A8D /* Build configuration list for PBXProject "PokemonApiCall" */ = {
			isa = XCConfigurationList;
			buildConfigurations = (
				10D309EE29F6B5E100828A8D /* Debug */,
				10D309EF29F6B5E100828A8D /* Release */,
			);
			defaultConfigurationIsVisible = 0;
			defaultConfigurationName = Release;
		};
		10D309F029F6B5E100828A8D /* Build configuration list for PBXNativeTarget "PokemonApiCall" */ = {
			isa = XCConfigurationList;
			buildConfigurations = (
				10D309F129F6B5E100828A8D /* Debug */,
				10D309F229F6B5E100828A8D /* Release */,
			);
			defaultConfigurationIsVisible = 0;
			defaultConfigurationName = Release;
		};
		10D309F329F6B5E100828A8D /* Build configuration list for PBXNativeTarget "PokemonApiCallTests" */ = {
			isa = XCConfigurationList;
			buildConfigurations = (
				10D309F429F6B5E100828A8D /* Debug */,
				10D309F529F6B5E100828A8D /* Release */,
			);
			defaultConfigurationIsVisible = 0;
			defaultConfigurationName = Release;
		};
		10D309F629F6B5E100828A8D /* Build configuration list for PBXNativeTarget "PokemonApiCallUITests" */ = {
			isa = XCConfigurationList;
			buildConfigurations = (
				10D309F729F6B5E100828A8D /* Debug */,
				10D309F829F6B5E100828A8D /* Release */,
			);
			defaultConfigurationIsVisible = 0;
			defaultConfigurationName = Release;
		};
/* End XCConfigurationList section */

/* Begin XCVersionGroup section */
		10D30A8B29FA76C800828A8D /* OfflineStorage.xcdatamodeld */ = {
			isa = XCVersionGroup;
			children = (
				10D30A8C29FA76C800828A8D /* OfflineStorage.xcdatamodel */,
			);
			currentVersion = 10D30A8C29FA76C800828A8D /* OfflineStorage.xcdatamodel */;
			path = OfflineStorage.xcdatamodeld;
			sourceTree = "<group>";
			versionGroupType = wrapper.xcdatamodel;
		};
/* End XCVersionGroup section */
	};
	rootObject = 10D309C429F6B5DD00828A8D /* Project object */;
}
