// !$*UTF8*$!
{
	archiveVersion = 1;
	classes = {
	};
	objectVersion = 56;
	objects = {

/* Begin PBXBuildFile section */
		10D30A5429F9414B00828A8D /* AppDelegate.swift in Sources */ = {isa = PBXBuildFile; fileRef = 10D30A5329F9414B00828A8D /* AppDelegate.swift */; };
		10D30A5629F9414B00828A8D /* SceneDelegate.swift in Sources */ = {isa = PBXBuildFile; fileRef = 10D30A5529F9414B00828A8D /* SceneDelegate.swift */; };
		10D30A5829F9414B00828A8D /* ViewController.swift in Sources */ = {isa = PBXBuildFile; fileRef = 10D30A5729F9414B00828A8D /* ViewController.swift */; };
		10D30A5B29F9414B00828A8D /* Main.storyboard in Resources */ = {isa = PBXBuildFile; fileRef = 10D30A5929F9414B00828A8D /* Main.storyboard */; };
		10D30A5D29F9414D00828A8D /* Assets.xcassets in Resources */ = {isa = PBXBuildFile; fileRef = 10D30A5C29F9414D00828A8D /* Assets.xcassets */; };
		10D30A6029F9414D00828A8D /* LaunchScreen.storyboard in Resources */ = {isa = PBXBuildFile; fileRef = 10D30A5E29F9414D00828A8D /* LaunchScreen.storyboard */; };
		10D30A6B29F9414D00828A8D /* UiKitUiComboTests.swift in Sources */ = {isa = PBXBuildFile; fileRef = 10D30A6A29F9414D00828A8D /* UiKitUiComboTests.swift */; };
		10D30A7529F9414D00828A8D /* UiKitUiComboUITests.swift in Sources */ = {isa = PBXBuildFile; fileRef = 10D30A7429F9414D00828A8D /* UiKitUiComboUITests.swift */; };
		10D30A7729F9414D00828A8D /* UiKitUiComboUITestsLaunchTests.swift in Sources */ = {isa = PBXBuildFile; fileRef = 10D30A7629F9414D00828A8D /* UiKitUiComboUITestsLaunchTests.swift */; };
		10D30A8429F9434700828A8D /* SwiftUIScreen.swift in Sources */ = {isa = PBXBuildFile; fileRef = 10D30A8329F9434700828A8D /* SwiftUIScreen.swift */; };
/* End PBXBuildFile section */

/* Begin PBXContainerItemProxy section */
		10D30A6729F9414D00828A8D /* PBXContainerItemProxy */ = {
			isa = PBXContainerItemProxy;
			containerPortal = 10D30A4829F9414A00828A8D /* Project object */;
			proxyType = 1;
			remoteGlobalIDString = 10D30A4F29F9414B00828A8D;
			remoteInfo = UiKitUiCombo;
		};
		10D30A7129F9414D00828A8D /* PBXContainerItemProxy */ = {
			isa = PBXContainerItemProxy;
			containerPortal = 10D30A4829F9414A00828A8D /* Project object */;
			proxyType = 1;
			remoteGlobalIDString = 10D30A4F29F9414B00828A8D;
			remoteInfo = UiKitUiCombo;
		};
/* End PBXContainerItemProxy section */

/* Begin PBXFileReference section */
		10D30A5029F9414B00828A8D /* UiKitUiCombo.app */ = {isa = PBXFileReference; explicitFileType = wrapper.application; includeInIndex = 0; path = UiKitUiCombo.app; sourceTree = BUILT_PRODUCTS_DIR; };
		10D30A5329F9414B00828A8D /* AppDelegate.swift */ = {isa = PBXFileReference; lastKnownFileType = sourcecode.swift; path = AppDelegate.swift; sourceTree = "<group>"; };
		10D30A5529F9414B00828A8D /* SceneDelegate.swift */ = {isa = PBXFileReference; lastKnownFileType = sourcecode.swift; path = SceneDelegate.swift; sourceTree = "<group>"; };
		10D30A5729F9414B00828A8D /* ViewController.swift */ = {isa = PBXFileReference; lastKnownFileType = sourcecode.swift; path = ViewController.swift; sourceTree = "<group>"; };
		10D30A5A29F9414B00828A8D /* Base */ = {isa = PBXFileReference; lastKnownFileType = file.storyboard; name = Base; path = Base.lproj/Main.storyboard; sourceTree = "<group>"; };
		10D30A5C29F9414D00828A8D /* Assets.xcassets */ = {isa = PBXFileReference; lastKnownFileType = folder.assetcatalog; path = Assets.xcassets; sourceTree = "<group>"; };
		10D30A5F29F9414D00828A8D /* Base */ = {isa = PBXFileReference; lastKnownFileType = file.storyboard; name = Base; path = Base.lproj/LaunchScreen.storyboard; sourceTree = "<group>"; };
		10D30A6129F9414D00828A8D /* Info.plist */ = {isa = PBXFileReference; lastKnownFileType = text.plist.xml; path = Info.plist; sourceTree = "<group>"; };
		10D30A6629F9414D00828A8D /* UiKitUiComboTests.xctest */ = {isa = PBXFileReference; explicitFileType = wrapper.cfbundle; includeInIndex = 0; path = UiKitUiComboTests.xctest; sourceTree = BUILT_PRODUCTS_DIR; };
		10D30A6A29F9414D00828A8D /* UiKitUiComboTests.swift */ = {isa = PBXFileReference; lastKnownFileType = sourcecode.swift; path = UiKitUiComboTests.swift; sourceTree = "<group>"; };
		10D30A7029F9414D00828A8D /* UiKitUiComboUITests.xctest */ = {isa = PBXFileReference; explicitFileType = wrapper.cfbundle; includeInIndex = 0; path = UiKitUiComboUITests.xctest; sourceTree = BUILT_PRODUCTS_DIR; };
		10D30A7429F9414D00828A8D /* UiKitUiComboUITests.swift */ = {isa = PBXFileReference; lastKnownFileType = sourcecode.swift; path = UiKitUiComboUITests.swift; sourceTree = "<group>"; };
		10D30A7629F9414D00828A8D /* UiKitUiComboUITestsLaunchTests.swift */ = {isa = PBXFileReference; lastKnownFileType = sourcecode.swift; path = UiKitUiComboUITestsLaunchTests.swift; sourceTree = "<group>"; };
		10D30A8329F9434700828A8D /* SwiftUIScreen.swift */ = {isa = PBXFileReference; lastKnownFileType = sourcecode.swift; path = SwiftUIScreen.swift; sourceTree = "<group>"; };
/* End PBXFileReference section */

/* Begin PBXFrameworksBuildPhase section */
		10D30A4D29F9414B00828A8D /* Frameworks */ = {
			isa = PBXFrameworksBuildPhase;
			buildActionMask = 2147483647;
			files = (
			);
			runOnlyForDeploymentPostprocessing = 0;
		};
		10D30A6329F9414D00828A8D /* Frameworks */ = {
			isa = PBXFrameworksBuildPhase;
			buildActionMask = 2147483647;
			files = (
			);
			runOnlyForDeploymentPostprocessing = 0;
		};
		10D30A6D29F9414D00828A8D /* Frameworks */ = {
			isa = PBXFrameworksBuildPhase;
			buildActionMask = 2147483647;
			files = (
			);
			runOnlyForDeploymentPostprocessing = 0;
		};
/* End PBXFrameworksBuildPhase section */

/* Begin PBXGroup section */
		10D30A4729F9414A00828A8D = {
			isa = PBXGroup;
			children = (
				10D30A5229F9414B00828A8D /* UiKitUiCombo */,
				10D30A6929F9414D00828A8D /* UiKitUiComboTests */,
				10D30A7329F9414D00828A8D /* UiKitUiComboUITests */,
				10D30A5129F9414B00828A8D /* Products */,
			);
			sourceTree = "<group>";
		};
		10D30A5129F9414B00828A8D /* Products */ = {
			isa = PBXGroup;
			children = (
				10D30A5029F9414B00828A8D /* UiKitUiCombo.app */,
				10D30A6629F9414D00828A8D /* UiKitUiComboTests.xctest */,
				10D30A7029F9414D00828A8D /* UiKitUiComboUITests.xctest */,
			);
			name = Products;
			sourceTree = "<group>";
		};
		10D30A5229F9414B00828A8D /* UiKitUiCombo */ = {
			isa = PBXGroup;
			children = (
				10D30A5329F9414B00828A8D /* AppDelegate.swift */,
				10D30A5529F9414B00828A8D /* SceneDelegate.swift */,
				10D30A5729F9414B00828A8D /* ViewController.swift */,
				10D30A5929F9414B00828A8D /* Main.storyboard */,
				10D30A5C29F9414D00828A8D /* Assets.xcassets */,
				10D30A5E29F9414D00828A8D /* LaunchScreen.storyboard */,
				10D30A6129F9414D00828A8D /* Info.plist */,
				10D30A8329F9434700828A8D /* SwiftUIScreen.swift */,
			);
			path = UiKitUiCombo;
			sourceTree = "<group>";
		};
		10D30A6929F9414D00828A8D /* UiKitUiComboTests */ = {
			isa = PBXGroup;
			children = (
				10D30A6A29F9414D00828A8D /* UiKitUiComboTests.swift */,
			);
			path = UiKitUiComboTests;
			sourceTree = "<group>";
		};
		10D30A7329F9414D00828A8D /* UiKitUiComboUITests */ = {
			isa = PBXGroup;
			children = (
				10D30A7429F9414D00828A8D /* UiKitUiComboUITests.swift */,
				10D30A7629F9414D00828A8D /* UiKitUiComboUITestsLaunchTests.swift */,
			);
			path = UiKitUiComboUITests;
			sourceTree = "<group>";
		};
/* End PBXGroup section */

/* Begin PBXNativeTarget section */
		10D30A4F29F9414B00828A8D /* UiKitUiCombo */ = {
			isa = PBXNativeTarget;
			buildConfigurationList = 10D30A7A29F9414D00828A8D /* Build configuration list for PBXNativeTarget "UiKitUiCombo" */;
			buildPhases = (
				10D30A4C29F9414B00828A8D /* Sources */,
				10D30A4D29F9414B00828A8D /* Frameworks */,
				10D30A4E29F9414B00828A8D /* Resources */,
			);
			buildRules = (
			);
			dependencies = (
			);
			name = UiKitUiCombo;
			productName = UiKitUiCombo;
			productReference = 10D30A5029F9414B00828A8D /* UiKitUiCombo.app */;
			productType = "com.apple.product-type.application";
		};
		10D30A6529F9414D00828A8D /* UiKitUiComboTests */ = {
			isa = PBXNativeTarget;
			buildConfigurationList = 10D30A7D29F9414D00828A8D /* Build configuration list for PBXNativeTarget "UiKitUiComboTests" */;
			buildPhases = (
				10D30A6229F9414D00828A8D /* Sources */,
				10D30A6329F9414D00828A8D /* Frameworks */,
				10D30A6429F9414D00828A8D /* Resources */,
			);
			buildRules = (
			);
			dependencies = (
				10D30A6829F9414D00828A8D /* PBXTargetDependency */,
			);
			name = UiKitUiComboTests;
			productName = UiKitUiComboTests;
			productReference = 10D30A6629F9414D00828A8D /* UiKitUiComboTests.xctest */;
			productType = "com.apple.product-type.bundle.unit-test";
		};
		10D30A6F29F9414D00828A8D /* UiKitUiComboUITests */ = {
			isa = PBXNativeTarget;
			buildConfigurationList = 10D30A8029F9414D00828A8D /* Build configuration list for PBXNativeTarget "UiKitUiComboUITests" */;
			buildPhases = (
				10D30A6C29F9414D00828A8D /* Sources */,
				10D30A6D29F9414D00828A8D /* Frameworks */,
				10D30A6E29F9414D00828A8D /* Resources */,
			);
			buildRules = (
			);
			dependencies = (
				10D30A7229F9414D00828A8D /* PBXTargetDependency */,
			);
			name = UiKitUiComboUITests;
			productName = UiKitUiComboUITests;
			productReference = 10D30A7029F9414D00828A8D /* UiKitUiComboUITests.xctest */;
			productType = "com.apple.product-type.bundle.ui-testing";
		};
/* End PBXNativeTarget section */

/* Begin PBXProject section */
		10D30A4829F9414A00828A8D /* Project object */ = {
			isa = PBXProject;
			attributes = {
				BuildIndependentTargetsInParallel = 1;
				LastSwiftUpdateCheck = 1420;
				LastUpgradeCheck = 1420;
				TargetAttributes = {
					10D30A4F29F9414B00828A8D = {
						CreatedOnToolsVersion = 14.2;
					};
					10D30A6529F9414D00828A8D = {
						CreatedOnToolsVersion = 14.2;
						TestTargetID = 10D30A4F29F9414B00828A8D;
					};
					10D30A6F29F9414D00828A8D = {
						CreatedOnToolsVersion = 14.2;
						TestTargetID = 10D30A4F29F9414B00828A8D;
					};
				};
			};
			buildConfigurationList = 10D30A4B29F9414A00828A8D /* Build configuration list for PBXProject "UiKitUiCombo" */;
			compatibilityVersion = "Xcode 14.0";
			developmentRegion = en;
			hasScannedForEncodings = 0;
			knownRegions = (
				en,
				Base,
			);
			mainGroup = 10D30A4729F9414A00828A8D;
			productRefGroup = 10D30A5129F9414B00828A8D /* Products */;
			projectDirPath = "";
			projectRoot = "";
			targets = (
				10D30A4F29F9414B00828A8D /* UiKitUiCombo */,
				10D30A6529F9414D00828A8D /* UiKitUiComboTests */,
				10D30A6F29F9414D00828A8D /* UiKitUiComboUITests */,
			);
		};
/* End PBXProject section */

/* Begin PBXResourcesBuildPhase section */
		10D30A4E29F9414B00828A8D /* Resources */ = {
			isa = PBXResourcesBuildPhase;
			buildActionMask = 2147483647;
			files = (
				10D30A6029F9414D00828A8D /* LaunchScreen.storyboard in Resources */,
				10D30A5D29F9414D00828A8D /* Assets.xcassets in Resources */,
				10D30A5B29F9414B00828A8D /* Main.storyboard in Resources */,
			);
			runOnlyForDeploymentPostprocessing = 0;
		};
		10D30A6429F9414D00828A8D /* Resources */ = {
			isa = PBXResourcesBuildPhase;
			buildActionMask = 2147483647;
			files = (
			);
			runOnlyForDeploymentPostprocessing = 0;
		};
		10D30A6E29F9414D00828A8D /* Resources */ = {
			isa = PBXResourcesBuildPhase;
			buildActionMask = 2147483647;
			files = (
			);
			runOnlyForDeploymentPostprocessing = 0;
		};
/* End PBXResourcesBuildPhase section */

/* Begin PBXSourcesBuildPhase section */
		10D30A4C29F9414B00828A8D /* Sources */ = {
			isa = PBXSourcesBuildPhase;
			buildActionMask = 2147483647;
			files = (
				10D30A5829F9414B00828A8D /* ViewController.swift in Sources */,
				10D30A8429F9434700828A8D /* SwiftUIScreen.swift in Sources */,
				10D30A5429F9414B00828A8D /* AppDelegate.swift in Sources */,
				10D30A5629F9414B00828A8D /* SceneDelegate.swift in Sources */,
			);
			runOnlyForDeploymentPostprocessing = 0;
		};
		10D30A6229F9414D00828A8D /* Sources */ = {
			isa = PBXSourcesBuildPhase;
			buildActionMask = 2147483647;
			files = (
				10D30A6B29F9414D00828A8D /* UiKitUiComboTests.swift in Sources */,
			);
			runOnlyForDeploymentPostprocessing = 0;
		};
		10D30A6C29F9414D00828A8D /* Sources */ = {
			isa = PBXSourcesBuildPhase;
			buildActionMask = 2147483647;
			files = (
				10D30A7729F9414D00828A8D /* UiKitUiComboUITestsLaunchTests.swift in Sources */,
				10D30A7529F9414D00828A8D /* UiKitUiComboUITests.swift in Sources */,
			);
			runOnlyForDeploymentPostprocessing = 0;
		};
/* End PBXSourcesBuildPhase section */

/* Begin PBXTargetDependency section */
		10D30A6829F9414D00828A8D /* PBXTargetDependency */ = {
			isa = PBXTargetDependency;
			target = 10D30A4F29F9414B00828A8D /* UiKitUiCombo */;
			targetProxy = 10D30A6729F9414D00828A8D /* PBXContainerItemProxy */;
		};
		10D30A7229F9414D00828A8D /* PBXTargetDependency */ = {
			isa = PBXTargetDependency;
			target = 10D30A4F29F9414B00828A8D /* UiKitUiCombo */;
			targetProxy = 10D30A7129F9414D00828A8D /* PBXContainerItemProxy */;
		};
/* End PBXTargetDependency section */

/* Begin PBXVariantGroup section */
		10D30A5929F9414B00828A8D /* Main.storyboard */ = {
			isa = PBXVariantGroup;
			children = (
				10D30A5A29F9414B00828A8D /* Base */,
			);
			name = Main.storyboard;
			sourceTree = "<group>";
		};
		10D30A5E29F9414D00828A8D /* LaunchScreen.storyboard */ = {
			isa = PBXVariantGroup;
			children = (
				10D30A5F29F9414D00828A8D /* Base */,
			);
			name = LaunchScreen.storyboard;
			sourceTree = "<group>";
		};
/* End PBXVariantGroup section */

/* Begin XCBuildConfiguration section */
		10D30A7829F9414D00828A8D /* Debug */ = {
			isa = XCBuildConfiguration;
			buildSettings = {
				ALWAYS_SEARCH_USER_PATHS = NO;
				CLANG_ANALYZER_NONNULL = YES;
				CLANG_ANALYZER_NUMBER_OBJECT_CONVERSION = YES_AGGRESSIVE;
				CLANG_CXX_LANGUAGE_STANDARD = "gnu++20";
				CLANG_ENABLE_MODULES = YES;
				CLANG_ENABLE_OBJC_ARC = YES;
				CLANG_ENABLE_OBJC_WEAK = YES;
				CLANG_WARN_BLOCK_CAPTURE_AUTORELEASING = YES;
				CLANG_WARN_BOOL_CONVERSION = YES;
				CLANG_WARN_COMMA = YES;
				CLANG_WARN_CONSTANT_CONVERSION = YES;
				CLANG_WARN_DEPRECATED_OBJC_IMPLEMENTATIONS = YES;
				CLANG_WARN_DIRECT_OBJC_ISA_USAGE = YES_ERROR;
				CLANG_WARN_DOCUMENTATION_COMMENTS = YES;
				CLANG_WARN_EMPTY_BODY = YES;
				CLANG_WARN_ENUM_CONVERSION = YES;
				CLANG_WARN_INFINITE_RECURSION = YES;
				CLANG_WARN_INT_CONVERSION = YES;
				CLANG_WARN_NON_LITERAL_NULL_CONVERSION = YES;
				CLANG_WARN_OBJC_IMPLICIT_RETAIN_SELF = YES;
				CLANG_WARN_OBJC_LITERAL_CONVERSION = YES;
				CLANG_WARN_OBJC_ROOT_CLASS = YES_ERROR;
				CLANG_WARN_QUOTED_INCLUDE_IN_FRAMEWORK_HEADER = YES;
				CLANG_WARN_RANGE_LOOP_ANALYSIS = YES;
				CLANG_WARN_STRICT_PROTOTYPES = YES;
				CLANG_WARN_SUSPICIOUS_MOVE = YES;
				CLANG_WARN_UNGUARDED_AVAILABILITY = YES_AGGRESSIVE;
				CLANG_WARN_UNREACHABLE_CODE = YES;
				CLANG_WARN__DUPLICATE_METHOD_MATCH = YES;
				COPY_PHASE_STRIP = NO;
				DEBUG_INFORMATION_FORMAT = dwarf;
				ENABLE_STRICT_OBJC_MSGSEND = YES;
				ENABLE_TESTABILITY = YES;
				GCC_C_LANGUAGE_STANDARD = gnu11;
				GCC_DYNAMIC_NO_PIC = NO;
				GCC_NO_COMMON_BLOCKS = YES;
				GCC_OPTIMIZATION_LEVEL = 0;
				GCC_PREPROCESSOR_DEFINITIONS = (
					"DEBUG=1",
					"$(inherited)",
				);
				GCC_WARN_64_TO_32_BIT_CONVERSION = YES;
				GCC_WARN_ABOUT_RETURN_TYPE = YES_ERROR;
				GCC_WARN_UNDECLARED_SELECTOR = YES;
				GCC_WARN_UNINITIALIZED_AUTOS = YES_AGGRESSIVE;
				GCC_WARN_UNUSED_FUNCTION = YES;
				GCC_WARN_UNUSED_VARIABLE = YES;
				IPHONEOS_DEPLOYMENT_TARGET = 16.2;
				MTL_ENABLE_DEBUG_INFO = INCLUDE_SOURCE;
				MTL_FAST_MATH = YES;
				ONLY_ACTIVE_ARCH = YES;
				SDKROOT = iphoneos;
				SWIFT_ACTIVE_COMPILATION_CONDITIONS = DEBUG;
				SWIFT_OPTIMIZATION_LEVEL = "-Onone";
			};
			name = Debug;
		};
		10D30A7929F9414D00828A8D /* Release */ = {
			isa = XCBuildConfiguration;
			buildSettings = {
				ALWAYS_SEARCH_USER_PATHS = NO;
				CLANG_ANALYZER_NONNULL = YES;
				CLANG_ANALYZER_NUMBER_OBJECT_CONVERSION = YES_AGGRESSIVE;
				CLANG_CXX_LANGUAGE_STANDARD = "gnu++20";
				CLANG_ENABLE_MODULES = YES;
				CLANG_ENABLE_OBJC_ARC = YES;
				CLANG_ENABLE_OBJC_WEAK = YES;
				CLANG_WARN_BLOCK_CAPTURE_AUTORELEASING = YES;
				CLANG_WARN_BOOL_CONVERSION = YES;
				CLANG_WARN_COMMA = YES;
				CLANG_WARN_CONSTANT_CONVERSION = YES;
				CLANG_WARN_DEPRECATED_OBJC_IMPLEMENTATIONS = YES;
				CLANG_WARN_DIRECT_OBJC_ISA_USAGE = YES_ERROR;
				CLANG_WARN_DOCUMENTATION_COMMENTS = YES;
				CLANG_WARN_EMPTY_BODY = YES;
				CLANG_WARN_ENUM_CONVERSION = YES;
				CLANG_WARN_INFINITE_RECURSION = YES;
				CLANG_WARN_INT_CONVERSION = YES;
				CLANG_WARN_NON_LITERAL_NULL_CONVERSION = YES;
				CLANG_WARN_OBJC_IMPLICIT_RETAIN_SELF = YES;
				CLANG_WARN_OBJC_LITERAL_CONVERSION = YES;
				CLANG_WARN_OBJC_ROOT_CLASS = YES_ERROR;
				CLANG_WARN_QUOTED_INCLUDE_IN_FRAMEWORK_HEADER = YES;
				CLANG_WARN_RANGE_LOOP_ANALYSIS = YES;
				CLANG_WARN_STRICT_PROTOTYPES = YES;
				CLANG_WARN_SUSPICIOUS_MOVE = YES;
				CLANG_WARN_UNGUARDED_AVAILABILITY = YES_AGGRESSIVE;
				CLANG_WARN_UNREACHABLE_CODE = YES;
				CLANG_WARN__DUPLICATE_METHOD_MATCH = YES;
				COPY_PHASE_STRIP = NO;
				DEBUG_INFORMATION_FORMAT = "dwarf-with-dsym";
				ENABLE_NS_ASSERTIONS = NO;
				ENABLE_STRICT_OBJC_MSGSEND = YES;
				GCC_C_LANGUAGE_STANDARD = gnu11;
				GCC_NO_COMMON_BLOCKS = YES;
				GCC_WARN_64_TO_32_BIT_CONVERSION = YES;
				GCC_WARN_ABOUT_RETURN_TYPE = YES_ERROR;
				GCC_WARN_UNDECLARED_SELECTOR = YES;
				GCC_WARN_UNINITIALIZED_AUTOS = YES_AGGRESSIVE;
				GCC_WARN_UNUSED_FUNCTION = YES;
				GCC_WARN_UNUSED_VARIABLE = YES;
				IPHONEOS_DEPLOYMENT_TARGET = 16.2;
				MTL_ENABLE_DEBUG_INFO = NO;
				MTL_FAST_MATH = YES;
				SDKROOT = iphoneos;
				SWIFT_COMPILATION_MODE = wholemodule;
				SWIFT_OPTIMIZATION_LEVEL = "-O";
				VALIDATE_PRODUCT = YES;
			};
			name = Release;
		};
		10D30A7B29F9414D00828A8D /* Debug */ = {
			isa = XCBuildConfiguration;
			buildSettings = {
				ASSETCATALOG_COMPILER_APPICON_NAME = AppIcon;
				ASSETCATALOG_COMPILER_GLOBAL_ACCENT_COLOR_NAME = AccentColor;
				CODE_SIGN_STYLE = Automatic;
				CURRENT_PROJECT_VERSION = 1;
				GENERATE_INFOPLIST_FILE = YES;
				INFOPLIST_FILE = UiKitUiCombo/Info.plist;
				INFOPLIST_KEY_UIApplicationSupportsIndirectInputEvents = YES;
				INFOPLIST_KEY_UILaunchStoryboardName = LaunchScreen;
				INFOPLIST_KEY_UIMainStoryboardFile = Main;
				INFOPLIST_KEY_UISupportedInterfaceOrientations_iPad = "UIInterfaceOrientationPortrait UIInterfaceOrientationPortraitUpsideDown UIInterfaceOrientationLandscapeLeft UIInterfaceOrientationLandscapeRight";
				INFOPLIST_KEY_UISupportedInterfaceOrientations_iPhone = "UIInterfaceOrientationPortrait UIInterfaceOrientationLandscapeLeft UIInterfaceOrientationLandscapeRight";
				LD_RUNPATH_SEARCH_PATHS = (
					"$(inherited)",
					"@executable_path/Frameworks",
				);
				MARKETING_VERSION = 1.0;
				PRODUCT_BUNDLE_IDENTIFIER = com.itc.UiKitUiCombo;
				PRODUCT_NAME = "$(TARGET_NAME)";
				SWIFT_EMIT_LOC_STRINGS = YES;
				SWIFT_VERSION = 5.0;
				TARGETED_DEVICE_FAMILY = "1,2";
			};
			name = Debug;
		};
		10D30A7C29F9414D00828A8D /* Release */ = {
			isa = XCBuildConfiguration;
			buildSettings = {
				ASSETCATALOG_COMPILER_APPICON_NAME = AppIcon;
				ASSETCATALOG_COMPILER_GLOBAL_ACCENT_COLOR_NAME = AccentColor;
				CODE_SIGN_STYLE = Automatic;
				CURRENT_PROJECT_VERSION = 1;
				GENERATE_INFOPLIST_FILE = YES;
				INFOPLIST_FILE = UiKitUiCombo/Info.plist;
				INFOPLIST_KEY_UIApplicationSupportsIndirectInputEvents = YES;
				INFOPLIST_KEY_UILaunchStoryboardName = LaunchScreen;
				INFOPLIST_KEY_UIMainStoryboardFile = Main;
				INFOPLIST_KEY_UISupportedInterfaceOrientations_iPad = "UIInterfaceOrientationPortrait UIInterfaceOrientationPortraitUpsideDown UIInterfaceOrientationLandscapeLeft UIInterfaceOrientationLandscapeRight";
				INFOPLIST_KEY_UISupportedInterfaceOrientations_iPhone = "UIInterfaceOrientationPortrait UIInterfaceOrientationLandscapeLeft UIInterfaceOrientationLandscapeRight";
				LD_RUNPATH_SEARCH_PATHS = (
					"$(inherited)",
					"@executable_path/Frameworks",
				);
				MARKETING_VERSION = 1.0;
				PRODUCT_BUNDLE_IDENTIFIER = com.itc.UiKitUiCombo;
				PRODUCT_NAME = "$(TARGET_NAME)";
				SWIFT_EMIT_LOC_STRINGS = YES;
				SWIFT_VERSION = 5.0;
				TARGETED_DEVICE_FAMILY = "1,2";
			};
			name = Release;
		};
		10D30A7E29F9414D00828A8D /* Debug */ = {
			isa = XCBuildConfiguration;
			buildSettings = {
				ALWAYS_EMBED_SWIFT_STANDARD_LIBRARIES = YES;
				BUNDLE_LOADER = "$(TEST_HOST)";
				CODE_SIGN_STYLE = Automatic;
				CURRENT_PROJECT_VERSION = 1;
				GENERATE_INFOPLIST_FILE = YES;
				IPHONEOS_DEPLOYMENT_TARGET = 16.2;
				MARKETING_VERSION = 1.0;
				PRODUCT_BUNDLE_IDENTIFIER = com.itc.UiKitUiComboTests;
				PRODUCT_NAME = "$(TARGET_NAME)";
				SWIFT_EMIT_LOC_STRINGS = NO;
				SWIFT_VERSION = 5.0;
				TARGETED_DEVICE_FAMILY = "1,2";
				TEST_HOST = "$(BUILT_PRODUCTS_DIR)/UiKitUiCombo.app/$(BUNDLE_EXECUTABLE_FOLDER_PATH)/UiKitUiCombo";
			};
			name = Debug;
		};
		10D30A7F29F9414D00828A8D /* Release */ = {
			isa = XCBuildConfiguration;
			buildSettings = {
				ALWAYS_EMBED_SWIFT_STANDARD_LIBRARIES = YES;
				BUNDLE_LOADER = "$(TEST_HOST)";
				CODE_SIGN_STYLE = Automatic;
				CURRENT_PROJECT_VERSION = 1;
				GENERATE_INFOPLIST_FILE = YES;
				IPHONEOS_DEPLOYMENT_TARGET = 16.2;
				MARKETING_VERSION = 1.0;
				PRODUCT_BUNDLE_IDENTIFIER = com.itc.UiKitUiComboTests;
				PRODUCT_NAME = "$(TARGET_NAME)";
				SWIFT_EMIT_LOC_STRINGS = NO;
				SWIFT_VERSION = 5.0;
				TARGETED_DEVICE_FAMILY = "1,2";
				TEST_HOST = "$(BUILT_PRODUCTS_DIR)/UiKitUiCombo.app/$(BUNDLE_EXECUTABLE_FOLDER_PATH)/UiKitUiCombo";
			};
			name = Release;
		};
		10D30A8129F9414D00828A8D /* Debug */ = {
			isa = XCBuildConfiguration;
			buildSettings = {
				ALWAYS_EMBED_SWIFT_STANDARD_LIBRARIES = YES;
				CODE_SIGN_STYLE = Automatic;
				CURRENT_PROJECT_VERSION = 1;
				GENERATE_INFOPLIST_FILE = YES;
				MARKETING_VERSION = 1.0;
				PRODUCT_BUNDLE_IDENTIFIER = com.itc.UiKitUiComboUITests;
				PRODUCT_NAME = "$(TARGET_NAME)";
				SWIFT_EMIT_LOC_STRINGS = NO;
				SWIFT_VERSION = 5.0;
				TARGETED_DEVICE_FAMILY = "1,2";
				TEST_TARGET_NAME = UiKitUiCombo;
			};
			name = Debug;
		};
		10D30A8229F9414D00828A8D /* Release */ = {
			isa = XCBuildConfiguration;
			buildSettings = {
				ALWAYS_EMBED_SWIFT_STANDARD_LIBRARIES = YES;
				CODE_SIGN_STYLE = Automatic;
				CURRENT_PROJECT_VERSION = 1;
				GENERATE_INFOPLIST_FILE = YES;
				MARKETING_VERSION = 1.0;
				PRODUCT_BUNDLE_IDENTIFIER = com.itc.UiKitUiComboUITests;
				PRODUCT_NAME = "$(TARGET_NAME)";
				SWIFT_EMIT_LOC_STRINGS = NO;
				SWIFT_VERSION = 5.0;
				TARGETED_DEVICE_FAMILY = "1,2";
				TEST_TARGET_NAME = UiKitUiCombo;
			};
			name = Release;
		};
/* End XCBuildConfiguration section */

/* Begin XCConfigurationList section */
		10D30A4B29F9414A00828A8D /* Build configuration list for PBXProject "UiKitUiCombo" */ = {
			isa = XCConfigurationList;
			buildConfigurations = (
				10D30A7829F9414D00828A8D /* Debug */,
				10D30A7929F9414D00828A8D /* Release */,
			);
			defaultConfigurationIsVisible = 0;
			defaultConfigurationName = Release;
		};
		10D30A7A29F9414D00828A8D /* Build configuration list for PBXNativeTarget "UiKitUiCombo" */ = {
			isa = XCConfigurationList;
			buildConfigurations = (
				10D30A7B29F9414D00828A8D /* Debug */,
				10D30A7C29F9414D00828A8D /* Release */,
			);
			defaultConfigurationIsVisible = 0;
			defaultConfigurationName = Release;
		};
		10D30A7D29F9414D00828A8D /* Build configuration list for PBXNativeTarget "UiKitUiComboTests" */ = {
			isa = XCConfigurationList;
			buildConfigurations = (
				10D30A7E29F9414D00828A8D /* Debug */,
				10D30A7F29F9414D00828A8D /* Release */,
			);
			defaultConfigurationIsVisible = 0;
			defaultConfigurationName = Release;
		};
		10D30A8029F9414D00828A8D /* Build configuration list for PBXNativeTarget "UiKitUiComboUITests" */ = {
			isa = XCConfigurationList;
			buildConfigurations = (
				10D30A8129F9414D00828A8D /* Debug */,
				10D30A8229F9414D00828A8D /* Release */,
			);
			defaultConfigurationIsVisible = 0;
			defaultConfigurationName = Release;
		};
/* End XCConfigurationList section */
	};
	rootObject = 10D30A4829F9414A00828A8D /* Project object */;
}
